
Microsoft Visual Studio Solution File, Format Version 12.00
# Visual Studio Version 17
VisualStudioVersion = 17.7.34202.233
MinimumVisualStudioVersion = 10.0.40219.1
Project("{9A19103F-16F7-4668-BE54-9A1E7A4F7556}") = "ChessUI", "ChessUI\ChessUI.csproj", "{7FA3BB79-7243-45DD-BBBB-4D461E4FF6E8}"
EndProject
Project("{9A19103F-16F7-4668-BE54-9A1E7A4F7556}") = "ChessLogic", "ChessLogic\ChessLogic.csproj", "{FB4C2362-2EDB-44DE-8313-E04EE950382B}"
EndProject
Project("{FAE04EC0-301F-11D3-BF4B-00C04F79EFBC}") = "SocketProject", "SocketProject\SocketProject.csproj", "{042A8D78-D024-4CC0-945E-0E6BF9BE4A33}"
EndProject
Global
	GlobalSection(SolutionConfigurationPlatforms) = preSolution
		Debug|Any CPU = Debug|Any CPU
		Release|Any CPU = Release|Any CPU
	EndGlobalSection
	GlobalSection(ProjectConfigurationPlatforms) = postSolution
		{7FA3BB79-7243-45DD-BBBB-4D461E4FF6E8}.Debug|Any CPU.ActiveCfg = Debug|Any CPU
		{7FA3BB79-7243-45DD-BBBB-4D461E4FF6E8}.Debug|Any CPU.Build.0 = Debug|Any CPU
		{7FA3BB79-7243-45DD-BBBB-4D461E4FF6E8}.Release|Any CPU.ActiveCfg = Release|Any CPU
		{7FA3BB79-7243-45DD-BBBB-4D461E4FF6E8}.Release|Any CPU.Build.0 = Release|Any CPU
		{FB4C2362-2EDB-44DE-8313-E04EE950382B}.Debug|Any CPU.ActiveCfg = Debug|Any CPU
		{FB4C2362-2EDB-44DE-8313-E04EE950382B}.Debug|Any CPU.Build.0 = Debug|Any CPU
		{FB4C2362-2EDB-44DE-8313-E04EE950382B}.Release|Any CPU.ActiveCfg = Release|Any CPU
		{FB4C2362-2EDB-44DE-8313-E04EE950382B}.Release|Any CPU.Build.0 = Release|Any CPU
		{042A8D78-D024-4CC0-945E-0E6BF9BE4A33}.Debug|Any CPU.ActiveCfg = Debug|Any CPU
		{042A8D78-D024-4CC0-945E-0E6BF9BE4A33}.Debug|Any CPU.Build.0 = Debug|Any CPU
		{042A8D78-D024-4CC0-945E-0E6BF9BE4A33}.Release|Any CPU.ActiveCfg = Release|Any CPU
		{042A8D78-D024-4CC0-945E-0E6BF9BE4A33}.Release|Any CPU.Build.0 = Release|Any CPU
	EndGlobalSection
	GlobalSection(SolutionProperties) = preSolution
		HideSolutionNode = FALSE
	EndGlobalSection
	GlobalSection(ExtensibilityGlobals) = postSolution
		SolutionGuid = {6FE4C2CA-A722-466A-A90B-4ACADECAD628}
	EndGlobalSection
EndGlobal
